<?xml version="1.0" encoding="utf-8"?>
<Project ToolsVersion="4.0" xmlns="http://schemas.microsoft.com/developer/msbuild/2003">
  <ItemGroup>
    <ClCompile Include="main.cpp" />
    <ClCompile Include="t_player.cpp" />
    <ClCompile Include="t_room.cpp" />
    <ClCompile Include="t_tile_factory.cpp" />
    <ClCompile Include="t_game.cpp" />
    <ClCompile Include="t_pos.cpp" />
    <ClCompile Include="t_infobox.cpp" />
  </ItemGroup>
  <ItemGroup>
    <Filter Include="Docs">
      <UniqueIdentifier>{58193a85-3057-484c-832d-b066eee64fab}</UniqueIdentifier>
    </Filter>
  </ItemGroup>
  <ItemGroup>
    <Text Include="..\Docs\Idea 1.txt">
      <Filter>Docs</Filter>
    </Text>
    <Text Include="..\Docs\Idea 2.txt">
      <Filter>Docs</Filter>
    </Text>
    <Text Include="..\Docs\Schedule.txt">
      <Filter>Docs</Filter>
    </Text>
  </ItemGroup>
  <ItemGroup>
    <ClInclude Include="t_player.h" />
    <ClInclude Include="t_dir.h" />
    <ClInclude Include="global.h" />
    <ClInclude Include="t_room.h" />
    <ClInclude Include="t_rect.h" />
    <ClInclude Include="t_tile_factory.h" />
    <ClInclude Include="t_game.h" />
    <ClInclude Include="t_pos.h" />
    <ClInclude Include="t_infobox.h" />
  </ItemGroup>
</Project>