<?xml version="1.0" encoding="utf-8"?>
<Project ToolsVersion="4.0" xmlns="http://schemas.microsoft.com/developer/msbuild/2003">
  <ItemGroup>
    <ClCompile Include="main.cpp" />
    <ClCompile Include="t_location.cpp">
      <Filter>Castle Structure</Filter>
    </ClCompile>
    <ClCompile Include="t_castle.cpp">
      <Filter>Castle Structure</Filter>
    </ClCompile>
    <ClCompile Include="t_room.cpp">
      <Filter>Castle Structure</Filter>
    </ClCompile>
    <ClCompile Include="t_game.cpp">
      <Filter>Game</Filter>
    </ClCompile>
    <ClCompile Include="global.cpp">
      <Filter>Game</Filter>
    </ClCompile>
    <ClCompile Include="t_room_renderer.cpp">
      <Filter>Graphics</Filter>
    </ClCompile>
    <ClCompile Include="t_tile_loader.cpp">
      <Filter>Graphics</Filter>
    </ClCompile>
  </ItemGroup>
  <ItemGroup>
    <ClInclude Include="t_location.h">
      <Filter>Castle Structure</Filter>
    </ClInclude>
    <ClInclude Include="t_castle.h">
      <Filter>Castle Structure</Filter>
    </ClInclude>
    <ClInclude Include="t_room.h">
      <Filter>Castle Structure</Filter>
    </ClInclude>
    <ClInclude Include="t_game.h">
      <Filter>Game</Filter>
    </ClInclude>
    <ClInclude Include="global.h">
      <Filter>Game</Filter>
    </ClInclude>
    <ClInclude Include="t_room_renderer.h">
      <Filter>Graphics</Filter>
    </ClInclude>
    <ClInclude Include="t_tile_loader.h">
      <Filter>Graphics</Filter>
    </ClInclude>
  </ItemGroup>
  <ItemGroup>
    <Filter Include="Castle Structure">
      <UniqueIdentifier>{9581252c-2fcf-44b7-90dd-c3344e82b66d}</UniqueIdentifier>
    </Filter>
    <Filter Include="Graphics">
      <UniqueIdentifier>{4fb91d7d-647c-488e-99cd-33f1f4d1674e}</UniqueIdentifier>
    </Filter>
    <Filter Include="Game">
      <UniqueIdentifier>{fece5494-2914-4605-bf6d-04b7370f7393}</UniqueIdentifier>
    </Filter>
  </ItemGroup>
</Project>