<?xml version="1.0" encoding="utf-8"?>
<Project ToolsVersion="4.0" xmlns="http://schemas.microsoft.com/developer/msbuild/2003">
  <ItemGroup>
    <ClCompile Include="main.cpp" />
    <ClCompile Include="global.cpp" />
    <ClCompile Include="t_entity.cpp">
      <Filter>core</Filter>
    </ClCompile>
    <ClCompile Include="t_game.cpp">
      <Filter>core</Filter>
    </ClCompile>
    <ClCompile Include="t_map.cpp">
      <Filter>core</Filter>
    </ClCompile>
    <ClCompile Include="t_mapcell.cpp">
      <Filter>core</Filter>
    </ClCompile>
    <ClCompile Include="t_player.cpp">
      <Filter>core</Filter>
    </ClCompile>
    <ClCompile Include="t_screen.cpp">
      <Filter>core</Filter>
    </ClCompile>
    <ClCompile Include="t_stats.cpp">
      <Filter>core</Filter>
    </ClCompile>
    <ClCompile Include="t_tileloader.cpp">
      <Filter>core</Filter>
    </ClCompile>
    <ClCompile Include="mapgen.cpp">
      <Filter>mapgen</Filter>
    </ClCompile>
  </ItemGroup>
  <ItemGroup>
    <ClInclude Include="global.h" />
    <ClInclude Include="mapgen.h">
      <Filter>mapgen</Filter>
    </ClInclude>
    <ClInclude Include="t_entity.h">
      <Filter>core</Filter>
    </ClInclude>
    <ClInclude Include="t_game.h">
      <Filter>core</Filter>
    </ClInclude>
    <ClInclude Include="t_map.h">
      <Filter>core</Filter>
    </ClInclude>
    <ClInclude Include="t_mapcell.h">
      <Filter>core</Filter>
    </ClInclude>
    <ClInclude Include="t_player.h">
      <Filter>core</Filter>
    </ClInclude>
    <ClInclude Include="t_pos.h">
      <Filter>core</Filter>
    </ClInclude>
    <ClInclude Include="t_screen.h">
      <Filter>core</Filter>
    </ClInclude>
    <ClInclude Include="t_stats.h">
      <Filter>core</Filter>
    </ClInclude>
    <ClInclude Include="t_tileloader.h">
      <Filter>core</Filter>
    </ClInclude>
  </ItemGroup>
  <ItemGroup>
    <Filter Include="mapgen">
      <UniqueIdentifier>{ab00f714-8027-4847-9ee1-ca3b6105f5f7}</UniqueIdentifier>
    </Filter>
    <Filter Include="core">
      <UniqueIdentifier>{2ea0a820-8730-4271-80b5-0467cd539bfc}</UniqueIdentifier>
    </Filter>
  </ItemGroup>
</Project>